
Microsoft Visual Studio Solution File, Format Version 12.00
# Visual Studio Version 17
VisualStudioVersion = 17.13.35825.156 d17.13
MinimumVisualStudioVersion = 10.0.40219.1
Project("{FAE04EC0-301F-11D3-BF4B-00C04F79EFBC}") = "StarWarsFilterApp", "StarWarsFilterApp.csproj", "{48352332-50F5-4CBD-BF59-19F94CF7481E}"
EndProject
Global
	GlobalSection(SolutionConfigurationPlatforms) = preSolution
		Debug|Any CPU = Debug|Any CPU
		Release|Any CPU = Release|Any CPU
	EndGlobalSection
	GlobalSection(ProjectConfigurationPlatforms) = postSolution
		{48352332-50F5-4CBD-BF59-19F94CF7481E}.Debug|Any CPU.ActiveCfg = Debug|Any CPU
		{48352332-50F5-4CBD-BF59-19F94CF7481E}.Debug|Any CPU.Build.0 = Debug|Any CPU
		{48352332-50F5-4CBD-BF59-19F94CF7481E}.Release|Any CPU.ActiveCfg = Release|Any CPU
		{48352332-50F5-4CBD-BF59-19F94CF7481E}.Release|Any CPU.Build.0 = Release|Any CPU
	EndGlobalSection
	GlobalSection(SolutionProperties) = preSolution
		HideSolutionNode = FALSE
	EndGlobalSection
	GlobalSection(ExtensibilityGlobals) = postSolution
		SolutionGuid = {CC9EFAE0-79D7-48D4-A36F-509A5260DE61}
	EndGlobalSection
EndGlobal
